
Microsoft Visual Studio Solution File, Format Version 12.00
# Visual Studio Version 16
VisualStudioVersion = 16.0.31019.35
MinimumVisualStudioVersion = 10.0.40219.1
Project("{FAE04EC0-301F-11D3-BF4B-00C04F79EFBC}") = "Espresso", "Espresso\Espresso.csproj", "{0966DF3A-ADDB-455D-8BB8-57C9A1D6706E}"
EndProject
Global
	GlobalSection(SolutionConfigurationPlatforms) = preSolution
		Debug|Any CPU = Debug|Any CPU
		Release|Any CPU = Release|Any CPU
	EndGlobalSection
	GlobalSection(ProjectConfigurationPlatforms) = postSolution
		{0966DF3A-ADDB-455D-8BB8-57C9A1D6706E}.Debug|Any CPU.ActiveCfg = Debug|Any CPU
		{0966DF3A-ADDB-455D-8BB8-57C9A1D6706E}.Debug|Any CPU.Build.0 = Debug|Any CPU
		{0966DF3A-ADDB-455D-8BB8-57C9A1D6706E}.Release|Any CPU.ActiveCfg = Release|Any CPU
		{0966DF3A-ADDB-455D-8BB8-57C9A1D6706E}.Release|Any CPU.Build.0 = Release|Any CPU
	EndGlobalSection
	GlobalSection(SolutionProperties) = preSolution
		HideSolutionNode = FALSE
	EndGlobalSection
	GlobalSection(ExtensibilityGlobals) = postSolution
		SolutionGuid = {3E32FEEF-A913-43BC-81F1-0315D65A6633}
	EndGlobalSection
EndGlobal
