
Microsoft Visual Studio Solution File, Format Version 12.00
# Visual Studio Version 16
VisualStudioVersion = 16.0.28803.352
MinimumVisualStudioVersion = 10.0.40219.1
Project("{FAE04EC0-301F-11D3-BF4B-00C04F79EFBC}") = "Espresso.Shared", "Espresso.Shared\Espresso.Shared.csproj", "{58A9C21D-A19E-439F-8602-9227B8FD0328}"
EndProject
Project("{FAE04EC0-301F-11D3-BF4B-00C04F79EFBC}") = "Espresso.WPF", "Espresso.WPF\Espresso.WPF.csproj", "{140DE9ED-23A4-4E17-9011-BD97A3953FFC}"
EndProject
Global
	GlobalSection(SolutionConfigurationPlatforms) = preSolution
		Debug|Any CPU = Debug|Any CPU
		Release|Any CPU = Release|Any CPU
	EndGlobalSection
	GlobalSection(ProjectConfigurationPlatforms) = postSolution
		{58A9C21D-A19E-439F-8602-9227B8FD0328}.Debug|Any CPU.ActiveCfg = Debug|Any CPU
		{58A9C21D-A19E-439F-8602-9227B8FD0328}.Debug|Any CPU.Build.0 = Debug|Any CPU
		{58A9C21D-A19E-439F-8602-9227B8FD0328}.Release|Any CPU.ActiveCfg = Release|Any CPU
		{58A9C21D-A19E-439F-8602-9227B8FD0328}.Release|Any CPU.Build.0 = Release|Any CPU
		{140DE9ED-23A4-4E17-9011-BD97A3953FFC}.Debug|Any CPU.ActiveCfg = Debug|Any CPU
		{140DE9ED-23A4-4E17-9011-BD97A3953FFC}.Debug|Any CPU.Build.0 = Debug|Any CPU
		{140DE9ED-23A4-4E17-9011-BD97A3953FFC}.Release|Any CPU.ActiveCfg = Release|Any CPU
		{140DE9ED-23A4-4E17-9011-BD97A3953FFC}.Release|Any CPU.Build.0 = Release|Any CPU
	EndGlobalSection
	GlobalSection(SolutionProperties) = preSolution
		HideSolutionNode = FALSE
	EndGlobalSection
	GlobalSection(ExtensibilityGlobals) = postSolution
		SolutionGuid = {4E7CC788-4F18-4A88-B43A-D34A11A528AF}
	EndGlobalSection
EndGlobal
